
Microsoft Visual Studio Solution File, Format Version 12.00
Project("{FAE04EC0-301F-11D3-BF4B-00C04F79EFBC}") = "ObserverDP", "ObserverDP\ObserverDP.csproj", "{26CBB133-0D92-4F5E-971D-1F1C3CBEAB17}"
EndProject
Project("{FAE04EC0-301F-11D3-BF4B-00C04F79EFBC}") = "Events", "Events\Events.csproj", "{DE88C848-541A-448F-A451-6CF522E05E3E}"
EndProject
Global
	GlobalSection(SolutionConfigurationPlatforms) = preSolution
		Debug|Any CPU = Debug|Any CPU
		Release|Any CPU = Release|Any CPU
	EndGlobalSection
	GlobalSection(ProjectConfigurationPlatforms) = postSolution
		{26CBB133-0D92-4F5E-971D-1F1C3CBEAB17}.Debug|Any CPU.ActiveCfg = Debug|Any CPU
		{26CBB133-0D92-4F5E-971D-1F1C3CBEAB17}.Debug|Any CPU.Build.0 = Debug|Any CPU
		{26CBB133-0D92-4F5E-971D-1F1C3CBEAB17}.Release|Any CPU.ActiveCfg = Release|Any CPU
		{26CBB133-0D92-4F5E-971D-1F1C3CBEAB17}.Release|Any CPU.Build.0 = Release|Any CPU
		{DE88C848-541A-448F-A451-6CF522E05E3E}.Debug|Any CPU.ActiveCfg = Debug|Any CPU
		{DE88C848-541A-448F-A451-6CF522E05E3E}.Debug|Any CPU.Build.0 = Debug|Any CPU
		{DE88C848-541A-448F-A451-6CF522E05E3E}.Release|Any CPU.ActiveCfg = Release|Any CPU
		{DE88C848-541A-448F-A451-6CF522E05E3E}.Release|Any CPU.Build.0 = Release|Any CPU
	EndGlobalSection
EndGlobal
